// !$*UTF8*$!
{
	archiveVersion = 1;
	classes = {
	};
	objectVersion = 46;
	objects = {

/* Begin PBXBuildFile section */
		8D20DFEB190703170055CCDF /* DishTableViewController.m in Sources */ = {isa = PBXBuildFile; fileRef = 8D20DFEA190703170055CCDF /* DishTableViewController.m */; };
		8D20DFEF19075C390055CCDF /* I58.png in Resources */ = {isa = PBXBuildFile; fileRef = 8D20DFEC19075C390055CCDF /* I58.png */; };
		8D20DFF019075C390055CCDF /* I80.png in Resources */ = {isa = PBXBuildFile; fileRef = 8D20DFED19075C390055CCDF /* I80.png */; };
		8D20DFF119075C390055CCDF /* I120.png in Resources */ = {isa = PBXBuildFile; fileRef = 8D20DFEE19075C390055CCDF /* I120.png */; };
		8D35777019108CDA004D9732 /* CoreLocation.framework in Frameworks */ = {isa = PBXBuildFile; fileRef = 8D35776F19108CDA004D9732 /* CoreLocation.framework */; };
		8D4209561905C31300D566CA /* Foundation.framework in Frameworks */ = {isa = PBXBuildFile; fileRef = 8D4209551905C31300D566CA /* Foundation.framework */; };
		8D4209581905C31300D566CA /* CoreGraphics.framework in Frameworks */ = {isa = PBXBuildFile; fileRef = 8D4209571905C31300D566CA /* CoreGraphics.framework */; };
		8D42095A1905C31300D566CA /* UIKit.framework in Frameworks */ = {isa = PBXBuildFile; fileRef = 8D4209591905C31300D566CA /* UIKit.framework */; };
		8D4209601905C31300D566CA /* InfoPlist.strings in Resources */ = {isa = PBXBuildFile; fileRef = 8D42095E1905C31300D566CA /* InfoPlist.strings */; };
		8D4209621905C31300D566CA /* main.m in Sources */ = {isa = PBXBuildFile; fileRef = 8D4209611905C31300D566CA /* main.m */; };
		8D4209661905C31300D566CA /* AppDelegate.m in Sources */ = {isa = PBXBuildFile; fileRef = 8D4209651905C31300D566CA /* AppDelegate.m */; };
		8D4209691905C31300D566CA /* Main.storyboard in Resources */ = {isa = PBXBuildFile; fileRef = 8D4209671905C31300D566CA /* Main.storyboard */; };
		8D42096E1905C31300D566CA /* Images.xcassets in Resources */ = {isa = PBXBuildFile; fileRef = 8D42096D1905C31300D566CA /* Images.xcassets */; };
		8D4209751905C31300D566CA /* XCTest.framework in Frameworks */ = {isa = PBXBuildFile; fileRef = 8D4209741905C31300D566CA /* XCTest.framework */; };
		8D4209761905C31300D566CA /* Foundation.framework in Frameworks */ = {isa = PBXBuildFile; fileRef = 8D4209551905C31300D566CA /* Foundation.framework */; };
		8D4209771905C31300D566CA /* UIKit.framework in Frameworks */ = {isa = PBXBuildFile; fileRef = 8D4209591905C31300D566CA /* UIKit.framework */; };
		8D42097F1905C31300D566CA /* InfoPlist.strings in Resources */ = {isa = PBXBuildFile; fileRef = 8D42097D1905C31300D566CA /* InfoPlist.strings */; };
		8D4209811905C31300D566CA /* onepickTests.m in Sources */ = {isa = PBXBuildFile; fileRef = 8D4209801905C31300D566CA /* onepickTests.m */; };
		8D42098C1905D1CC00D566CA /* Menu.png in Resources */ = {isa = PBXBuildFile; fileRef = 8D42098A1905D1CC00D566CA /* Menu.png */; };
		8D42098D1905D1CC00D566CA /* Menu@2x.png in Resources */ = {isa = PBXBuildFile; fileRef = 8D42098B1905D1CC00D566CA /* Menu@2x.png */; };
		8D4209901905D3B600D566CA /* Cart.png in Resources */ = {isa = PBXBuildFile; fileRef = 8D42098E1905D3B600D566CA /* Cart.png */; };
		8D4209911905D3B600D566CA /* Cart@2x.png in Resources */ = {isa = PBXBuildFile; fileRef = 8D42098F1905D3B600D566CA /* Cart@2x.png */; };
		8D4209941905D62000D566CA /* More.png in Resources */ = {isa = PBXBuildFile; fileRef = 8D4209921905D62000D566CA /* More.png */; };
		8D4209951905D62000D566CA /* More@2x.png in Resources */ = {isa = PBXBuildFile; fileRef = 8D4209931905D62000D566CA /* More@2x.png */; };
		8D4209981905D6E200D566CA /* TopRate.png in Resources */ = {isa = PBXBuildFile; fileRef = 8D4209961905D6E200D566CA /* TopRate.png */; };
		8D4209991905D6E200D566CA /* TopRate@2x.png in Resources */ = {isa = PBXBuildFile; fileRef = 8D4209971905D6E200D566CA /* TopRate@2x.png */; };
		8D42099C190619D100D566CA /* History.png in Resources */ = {isa = PBXBuildFile; fileRef = 8D42099A190619D100D566CA /* History.png */; };
		8D42099D190619D100D566CA /* History@2x.png in Resources */ = {isa = PBXBuildFile; fileRef = 8D42099B190619D100D566CA /* History@2x.png */; };
		8D4209A019061C1E00D566CA /* MenuTableViewController.m in Sources */ = {isa = PBXBuildFile; fileRef = 8D42099F19061C1E00D566CA /* MenuTableViewController.m */; };
		8D4209A219061DDE00D566CA /* Parse.framework in Frameworks */ = {isa = PBXBuildFile; fileRef = 8D4209A119061DDE00D566CA /* Parse.framework */; };
		8D4209A41906207F00D566CA /* SystemConfiguration.framework in Frameworks */ = {isa = PBXBuildFile; fileRef = 8D4209A31906207F00D566CA /* SystemConfiguration.framework */; };
		8D4209AE1906225100D566CA /* MobileCoreServices.framework in Frameworks */ = {isa = PBXBuildFile; fileRef = 8D4209AD1906225100D566CA /* MobileCoreServices.framework */; };
		8D6120D41916891C003DE1F3 /* Addresses.m in Sources */ = {isa = PBXBuildFile; fileRef = 8D6120D31916891C003DE1F3 /* Addresses.m */; };
		8D6120D71916904A003DE1F3 /* Account.m in Sources */ = {isa = PBXBuildFile; fileRef = 8D6120D61916904A003DE1F3 /* Account.m */; };
		8D77B3DF1909551500310CDF /* 640x960.png in Resources */ = {isa = PBXBuildFile; fileRef = 8D77B3DD1909551500310CDF /* 640x960.png */; };
		8D77B3E01909551500310CDF /* 640x1136.png in Resources */ = {isa = PBXBuildFile; fileRef = 8D77B3DE1909551500310CDF /* 640x1136.png */; };
		8D77B3E2190A028900310CDF /* Default-568h@2x.png in Resources */ = {isa = PBXBuildFile; fileRef = 8D77B3E1190A028900310CDF /* Default-568h@2x.png */; };
		8D996E40191A8710008F07D4 /* MoreViewController.m in Sources */ = {isa = PBXBuildFile; fileRef = 8D996E3F191A8710008F07D4 /* MoreViewController.m */; };
		8DA4ED1A191A76A40071466E /* TopTableViewController.m in Sources */ = {isa = PBXBuildFile; fileRef = 8DA4ED19191A76A40071466E /* TopTableViewController.m */; };
		8DB24160191BE18600E3A52D /* iAd.framework in Frameworks */ = {isa = PBXBuildFile; fileRef = 8DB2415F191BE18600E3A52D /* iAd.framework */; };
		8DE455D4190ECE4C00E8FA36 /* NSString+JSONStringToDictionary.m in Sources */ = {isa = PBXBuildFile; fileRef = 8DE455D3190ECE4C00E8FA36 /* NSString+JSONStringToDictionary.m */; };
		8DE455D7190ECF3700E8FA36 /* NSDictionary+DictionaryToJSONString.m in Sources */ = {isa = PBXBuildFile; fileRef = 8DE455D6190ECF3700E8FA36 /* NSDictionary+DictionaryToJSONString.m */; };
		8DE455DC190EF1D900E8FA36 /* CoreData.framework in Frameworks */ = {isa = PBXBuildFile; fileRef = 8DE455DB190EF1D900E8FA36 /* CoreData.framework */; };
		8DE455DF190EF43E00E8FA36 /* Cart.xcdatamodeld in Sources */ = {isa = PBXBuildFile; fileRef = 8DE455DD190EF43E00E8FA36 /* Cart.xcdatamodeld */; };
		8DE455E5190F340C00E8FA36 /* CartViewController.m in Sources */ = {isa = PBXBuildFile; fileRef = 8DE455E4190F340C00E8FA36 /* CartViewController.m */; };
		8DEAD4161915C91400CB5E7F /* MBProgressHUD.m in Sources */ = {isa = PBXBuildFile; fileRef = 8DEAD4151915C91400CB5E7F /* MBProgressHUD.m */; };
		8DF658011911D6BD003920F4 /* OrderTableViewController.m in Sources */ = {isa = PBXBuildFile; fileRef = 8DF658001911D6BD003920F4 /* OrderTableViewController.m */; };
		8DF658041911E0CD003920F4 /* NewAddressViewController.m in Sources */ = {isa = PBXBuildFile; fileRef = 8DF658031911E0CD003920F4 /* NewAddressViewController.m */; };
		8DF6580A1911E5BB003920F4 /* HistoryAddressTableViewController.m in Sources */ = {isa = PBXBuildFile; fileRef = 8DF658091911E5BB003920F4 /* HistoryAddressTableViewController.m */; };
		8DFEBEB319101B9300D24B9D /* SelectedDishes.m in Sources */ = {isa = PBXBuildFile; fileRef = 8DFEBEB219101B9300D24B9D /* SelectedDishes.m */; };
/* End PBXBuildFile section */

/* Begin PBXContainerItemProxy section */
		8D4209781905C31300D566CA /* PBXContainerItemProxy */ = {
			isa = PBXContainerItemProxy;
			containerPortal = 8D42094A1905C31300D566CA /* Project object */;
			proxyType = 1;
			remoteGlobalIDString = 8D4209511905C31300D566CA;
			remoteInfo = onepick;
		};
/* End PBXContainerItemProxy section */

/* Begin PBXFileReference section */
		8D20DFE9190703170055CCDF /* DishTableViewController.h */ = {isa = PBXFileReference; fileEncoding = 4; lastKnownFileType = sourcecode.c.h; path = DishTableViewController.h; sourceTree = "<group>"; };
		8D20DFEA190703170055CCDF /* DishTableViewController.m */ = {isa = PBXFileReference; fileEncoding = 4; lastKnownFileType = sourcecode.c.objc; path = DishTableViewController.m; sourceTree = "<group>"; };
		8D20DFEC19075C390055CCDF /* I58.png */ = {isa = PBXFileReference; lastKnownFileType = image.png; path = I58.png; sourceTree = "<group>"; };
		8D20DFED19075C390055CCDF /* I80.png */ = {isa = PBXFileReference; lastKnownFileType = image.png; path = I80.png; sourceTree = "<group>"; };
		8D20DFEE19075C390055CCDF /* I120.png */ = {isa = PBXFileReference; lastKnownFileType = image.png; path = I120.png; sourceTree = "<group>"; };
		8D35776F19108CDA004D9732 /* CoreLocation.framework */ = {isa = PBXFileReference; lastKnownFileType = wrapper.framework; name = CoreLocation.framework; path = System/Library/Frameworks/CoreLocation.framework; sourceTree = SDKROOT; };
		8D4209521905C31300D566CA /* Ichiban.app */ = {isa = PBXFileReference; explicitFileType = wrapper.application; includeInIndex = 0; path = Ichiban.app; sourceTree = BUILT_PRODUCTS_DIR; };
		8D4209551905C31300D566CA /* Foundation.framework */ = {isa = PBXFileReference; lastKnownFileType = wrapper.framework; name = Foundation.framework; path = System/Library/Frameworks/Foundation.framework; sourceTree = SDKROOT; };
		8D4209571905C31300D566CA /* CoreGraphics.framework */ = {isa = PBXFileReference; lastKnownFileType = wrapper.framework; name = CoreGraphics.framework; path = System/Library/Frameworks/CoreGraphics.framework; sourceTree = SDKROOT; };
		8D4209591905C31300D566CA /* UIKit.framework */ = {isa = PBXFileReference; lastKnownFileType = wrapper.framework; name = UIKit.framework; path = System/Library/Frameworks/UIKit.framework; sourceTree = SDKROOT; };
		8D42095D1905C31300D566CA /* onepick-Info.plist */ = {isa = PBXFileReference; lastKnownFileType = text.plist.xml; path = "onepick-Info.plist"; sourceTree = "<group>"; };
		8D42095F1905C31300D566CA /* en */ = {isa = PBXFileReference; lastKnownFileType = text.plist.strings; name = en; path = en.lproj/InfoPlist.strings; sourceTree = "<group>"; };
		8D4209611905C31300D566CA /* main.m */ = {isa = PBXFileReference; lastKnownFileType = sourcecode.c.objc; path = main.m; sourceTree = "<group>"; };
		8D4209631905C31300D566CA /* onepick-Prefix.pch */ = {isa = PBXFileReference; lastKnownFileType = sourcecode.c.h; path = "onepick-Prefix.pch"; sourceTree = "<group>"; };
		8D4209641905C31300D566CA /* AppDelegate.h */ = {isa = PBXFileReference; lastKnownFileType = sourcecode.c.h; path = AppDelegate.h; sourceTree = "<group>"; };
		8D4209651905C31300D566CA /* AppDelegate.m */ = {isa = PBXFileReference; lastKnownFileType = sourcecode.c.objc; path = AppDelegate.m; sourceTree = "<group>"; };
		8D4209681905C31300D566CA /* Base */ = {isa = PBXFileReference; lastKnownFileType = file.storyboard; name = Base; path = Base.lproj/Main.storyboard; sourceTree = "<group>"; };
		8D42096D1905C31300D566CA /* Images.xcassets */ = {isa = PBXFileReference; lastKnownFileType = folder.assetcatalog; path = Images.xcassets; sourceTree = "<group>"; };
		8D4209731905C31300D566CA /* onepickTests.xctest */ = {isa = PBXFileReference; explicitFileType = wrapper.cfbundle; includeInIndex = 0; path = onepickTests.xctest; sourceTree = BUILT_PRODUCTS_DIR; };
		8D4209741905C31300D566CA /* XCTest.framework */ = {isa = PBXFileReference; lastKnownFileType = wrapper.framework; name = XCTest.framework; path = Library/Frameworks/XCTest.framework; sourceTree = DEVELOPER_DIR; };
		8D42097C1905C31300D566CA /* onepickTests-Info.plist */ = {isa = PBXFileReference; lastKnownFileType = text.plist.xml; path = "onepickTests-Info.plist"; sourceTree = "<group>"; };
		8D42097E1905C31300D566CA /* en */ = {isa = PBXFileReference; lastKnownFileType = text.plist.strings; name = en; path = en.lproj/InfoPlist.strings; sourceTree = "<group>"; };
		8D4209801905C31300D566CA /* onepickTests.m */ = {isa = PBXFileReference; lastKnownFileType = sourcecode.c.objc; path = onepickTests.m; sourceTree = "<group>"; };
		8D42098A1905D1CC00D566CA /* Menu.png */ = {isa = PBXFileReference; lastKnownFileType = image.png; path = Menu.png; sourceTree = "<group>"; };
		8D42098B1905D1CC00D566CA /* Menu@2x.png */ = {isa = PBXFileReference; lastKnownFileType = image.png; path = "Menu@2x.png"; sourceTree = "<group>"; };
		8D42098E1905D3B600D566CA /* Cart.png */ = {isa = PBXFileReference; lastKnownFileType = image.png; path = Cart.png; sourceTree = "<group>"; };
		8D42098F1905D3B600D566CA /* Cart@2x.png */ = {isa = PBXFileReference; lastKnownFileType = image.png; path = "Cart@2x.png"; sourceTree = "<group>"; };
		8D4209921905D62000D566CA /* More.png */ = {isa = PBXFileReference; lastKnownFileType = image.png; path = More.png; sourceTree = "<group>"; };
		8D4209931905D62000D566CA /* More@2x.png */ = {isa = PBXFileReference; lastKnownFileType = image.png; path = "More@2x.png"; sourceTree = "<group>"; };
		8D4209961905D6E200D566CA /* TopRate.png */ = {isa = PBXFileReference; lastKnownFileType = image.png; path = TopRate.png; sourceTree = "<group>"; };
		8D4209971905D6E200D566CA /* TopRate@2x.png */ = {isa = PBXFileReference; lastKnownFileType = image.png; path = "TopRate@2x.png"; sourceTree = "<group>"; };
		8D42099A190619D100D566CA /* History.png */ = {isa = PBXFileReference; lastKnownFileType = image.png; path = History.png; sourceTree = "<group>"; };
		8D42099B190619D100D566CA /* History@2x.png */ = {isa = PBXFileReference; lastKnownFileType = image.png; path = "History@2x.png"; sourceTree = "<group>"; };
		8D42099E19061C1E00D566CA /* MenuTableViewController.h */ = {isa = PBXFileReference; fileEncoding = 4; lastKnownFileType = sourcecode.c.h; path = MenuTableViewController.h; sourceTree = "<group>"; };
		8D42099F19061C1E00D566CA /* MenuTableViewController.m */ = {isa = PBXFileReference; fileEncoding = 4; lastKnownFileType = sourcecode.c.objc; path = MenuTableViewController.m; sourceTree = "<group>"; };
		8D4209A119061DDE00D566CA /* Parse.framework */ = {isa = PBXFileReference; lastKnownFileType = wrapper.framework; path = Parse.framework; sourceTree = "<group>"; };
		8D4209A31906207F00D566CA /* SystemConfiguration.framework */ = {isa = PBXFileReference; lastKnownFileType = wrapper.framework; name = SystemConfiguration.framework; path = System/Library/Frameworks/SystemConfiguration.framework; sourceTree = SDKROOT; };
		8D4209AD1906225100D566CA /* MobileCoreServices.framework */ = {isa = PBXFileReference; lastKnownFileType = wrapper.framework; name = MobileCoreServices.framework; path = System/Library/Frameworks/MobileCoreServices.framework; sourceTree = SDKROOT; };
		8D6120D21916891C003DE1F3 /* Addresses.h */ = {isa = PBXFileReference; fileEncoding = 4; lastKnownFileType = sourcecode.c.h; path = Addresses.h; sourceTree = "<group>"; };
		8D6120D31916891C003DE1F3 /* Addresses.m */ = {isa = PBXFileReference; fileEncoding = 4; lastKnownFileType = sourcecode.c.objc; path = Addresses.m; sourceTree = "<group>"; };
		8D6120D51916904A003DE1F3 /* Account.h */ = {isa = PBXFileReference; fileEncoding = 4; lastKnownFileType = sourcecode.c.h; path = Account.h; sourceTree = "<group>"; };
		8D6120D61916904A003DE1F3 /* Account.m */ = {isa = PBXFileReference; fileEncoding = 4; lastKnownFileType = sourcecode.c.objc; path = Account.m; sourceTree = "<group>"; };
		8D77B3DD1909551500310CDF /* 640x960.png */ = {isa = PBXFileReference; lastKnownFileType = image.png; path = 640x960.png; sourceTree = "<group>"; };
		8D77B3DE1909551500310CDF /* 640x1136.png */ = {isa = PBXFileReference; lastKnownFileType = image.png; path = 640x1136.png; sourceTree = "<group>"; };
		8D77B3E1190A028900310CDF /* Default-568h@2x.png */ = {isa = PBXFileReference; lastKnownFileType = image.png; path = "Default-568h@2x.png"; sourceTree = "<group>"; };
		8D996E3E191A8710008F07D4 /* MoreViewController.h */ = {isa = PBXFileReference; fileEncoding = 4; lastKnownFileType = sourcecode.c.h; path = MoreViewController.h; sourceTree = "<group>"; };
		8D996E3F191A8710008F07D4 /* MoreViewController.m */ = {isa = PBXFileReference; fileEncoding = 4; lastKnownFileType = sourcecode.c.objc; path = MoreViewController.m; sourceTree = "<group>"; };
		8DA4ED18191A76A40071466E /* TopTableViewController.h */ = {isa = PBXFileReference; fileEncoding = 4; lastKnownFileType = sourcecode.c.h; path = TopTableViewController.h; sourceTree = "<group>"; };
		8DA4ED19191A76A40071466E /* TopTableViewController.m */ = {isa = PBXFileReference; fileEncoding = 4; lastKnownFileType = sourcecode.c.objc; path = TopTableViewController.m; sourceTree = "<group>"; };
		8DB2415F191BE18600E3A52D /* iAd.framework */ = {isa = PBXFileReference; lastKnownFileType = wrapper.framework; name = iAd.framework; path = System/Library/Frameworks/iAd.framework; sourceTree = SDKROOT; };
		8DE455D2190ECE4C00E8FA36 /* NSString+JSONStringToDictionary.h */ = {isa = PBXFileReference; fileEncoding = 4; lastKnownFileType = sourcecode.c.h; path = "NSString+JSONStringToDictionary.h"; sourceTree = "<group>"; };
		8DE455D3190ECE4C00E8FA36 /* NSString+JSONStringToDictionary.m */ = {isa = PBXFileReference; fileEncoding = 4; lastKnownFileType = sourcecode.c.objc; path = "NSString+JSONStringToDictionary.m"; sourceTree = "<group>"; };
		8DE455D5190ECF3700E8FA36 /* NSDictionary+DictionaryToJSONString.h */ = {isa = PBXFileReference; fileEncoding = 4; lastKnownFileType = sourcecode.c.h; path = "NSDictionary+DictionaryToJSONString.h"; sourceTree = "<group>"; };
		8DE455D6190ECF3700E8FA36 /* NSDictionary+DictionaryToJSONString.m */ = {isa = PBXFileReference; fileEncoding = 4; lastKnownFileType = sourcecode.c.objc; path = "NSDictionary+DictionaryToJSONString.m"; sourceTree = "<group>"; };
		8DE455DB190EF1D900E8FA36 /* CoreData.framework */ = {isa = PBXFileReference; lastKnownFileType = wrapper.framework; name = CoreData.framework; path = System/Library/Frameworks/CoreData.framework; sourceTree = SDKROOT; };
		8DE455DE190EF43E00E8FA36 /* Cart.xcdatamodel */ = {isa = PBXFileReference; lastKnownFileType = wrapper.xcdatamodel; path = Cart.xcdatamodel; sourceTree = "<group>"; };
		8DE455E3190F340C00E8FA36 /* CartViewController.h */ = {isa = PBXFileReference; fileEncoding = 4; lastKnownFileType = sourcecode.c.h; path = CartViewController.h; sourceTree = "<group>"; };
		8DE455E4190F340C00E8FA36 /* CartViewController.m */ = {isa = PBXFileReference; fileEncoding = 4; lastKnownFileType = sourcecode.c.objc; path = CartViewController.m; sourceTree = "<group>"; };
		8DEAD4141915C91400CB5E7F /* MBProgressHUD.h */ = {isa = PBXFileReference; fileEncoding = 4; lastKnownFileType = sourcecode.c.h; path = MBProgressHUD.h; sourceTree = "<group>"; };
		8DEAD4151915C91400CB5E7F /* MBProgressHUD.m */ = {isa = PBXFileReference; fileEncoding = 4; lastKnownFileType = sourcecode.c.objc; path = MBProgressHUD.m; sourceTree = "<group>"; };
		8DF657FF1911D6BD003920F4 /* OrderTableViewController.h */ = {isa = PBXFileReference; fileEncoding = 4; lastKnownFileType = sourcecode.c.h; path = OrderTableViewController.h; sourceTree = "<group>"; };
		8DF658001911D6BD003920F4 /* OrderTableViewController.m */ = {isa = PBXFileReference; fileEncoding = 4; lastKnownFileType = sourcecode.c.objc; path = OrderTableViewController.m; sourceTree = "<group>"; };
		8DF658021911E0CD003920F4 /* NewAddressViewController.h */ = {isa = PBXFileReference; fileEncoding = 4; lastKnownFileType = sourcecode.c.h; path = NewAddressViewController.h; sourceTree = "<group>"; };
		8DF658031911E0CD003920F4 /* NewAddressViewController.m */ = {isa = PBXFileReference; fileEncoding = 4; lastKnownFileType = sourcecode.c.objc; path = NewAddressViewController.m; sourceTree = "<group>"; };
		8DF658081911E5BB003920F4 /* HistoryAddressTableViewController.h */ = {isa = PBXFileReference; fileEncoding = 4; lastKnownFileType = sourcecode.c.h; path = HistoryAddressTableViewController.h; sourceTree = "<group>"; };
		8DF658091911E5BB003920F4 /* HistoryAddressTableViewController.m */ = {isa = PBXFileReference; fileEncoding = 4; lastKnownFileType = sourcecode.c.objc; path = HistoryAddressTableViewController.m; sourceTree = "<group>"; };
		8DFEBEB119101B9300D24B9D /* SelectedDishes.h */ = {isa = PBXFileReference; fileEncoding = 4; lastKnownFileType = sourcecode.c.h; path = SelectedDishes.h; sourceTree = "<group>"; };
		8DFEBEB219101B9300D24B9D /* SelectedDishes.m */ = {isa = PBXFileReference; fileEncoding = 4; lastKnownFileType = sourcecode.c.objc; path = SelectedDishes.m; sourceTree = "<group>"; };
/* End PBXFileReference section */

/* Begin PBXFrameworksBuildPhase section */
		8D42094F1905C31300D566CA /* Frameworks */ = {
			isa = PBXFrameworksBuildPhase;
			buildActionMask = 2147483647;
			files = (
				8DB24160191BE18600E3A52D /* iAd.framework in Frameworks */,
				8D35777019108CDA004D9732 /* CoreLocation.framework in Frameworks */,
				8DE455DC190EF1D900E8FA36 /* CoreData.framework in Frameworks */,
				8D4209AE1906225100D566CA /* MobileCoreServices.framework in Frameworks */,
				8D4209A41906207F00D566CA /* SystemConfiguration.framework in Frameworks */,
				8D4209581905C31300D566CA /* CoreGraphics.framework in Frameworks */,
				8D42095A1905C31300D566CA /* UIKit.framework in Frameworks */,
				8D4209A219061DDE00D566CA /* Parse.framework in Frameworks */,
				8D4209561905C31300D566CA /* Foundation.framework in Frameworks */,
			);
			runOnlyForDeploymentPostprocessing = 0;
		};
		8D4209701905C31300D566CA /* Frameworks */ = {
			isa = PBXFrameworksBuildPhase;
			buildActionMask = 2147483647;
			files = (
				8D4209751905C31300D566CA /* XCTest.framework in Frameworks */,
				8D4209771905C31300D566CA /* UIKit.framework in Frameworks */,
				8D4209761905C31300D566CA /* Foundation.framework in Frameworks */,
			);
			runOnlyForDeploymentPostprocessing = 0;
		};
/* End PBXFrameworksBuildPhase section */

/* Begin PBXGroup section */
		8D4209491905C31300D566CA = {
			isa = PBXGroup;
			children = (
				8D77B3E1190A028900310CDF /* Default-568h@2x.png */,
				8D42095B1905C31300D566CA /* onepick */,
				8D42097A1905C31300D566CA /* onepickTests */,
				8D4209541905C31300D566CA /* Frameworks */,
				8D4209531905C31300D566CA /* Products */,
			);
			sourceTree = "<group>";
		};
		8D4209531905C31300D566CA /* Products */ = {
			isa = PBXGroup;
			children = (
				8D4209521905C31300D566CA /* Ichiban.app */,
				8D4209731905C31300D566CA /* onepickTests.xctest */,
			);
			name = Products;
			sourceTree = "<group>";
		};
		8D4209541905C31300D566CA /* Frameworks */ = {
			isa = PBXGroup;
			children = (
				8DB2415F191BE18600E3A52D /* iAd.framework */,
				8D35776F19108CDA004D9732 /* CoreLocation.framework */,
				8DE455DB190EF1D900E8FA36 /* CoreData.framework */,
				8D4209AD1906225100D566CA /* MobileCoreServices.framework */,
				8D4209A31906207F00D566CA /* SystemConfiguration.framework */,
				8D4209A119061DDE00D566CA /* Parse.framework */,
				8D4209551905C31300D566CA /* Foundation.framework */,
				8D4209571905C31300D566CA /* CoreGraphics.framework */,
				8D4209591905C31300D566CA /* UIKit.framework */,
				8D4209741905C31300D566CA /* XCTest.framework */,
			);
			name = Frameworks;
			sourceTree = "<group>";
		};
		8D42095B1905C31300D566CA /* onepick */ = {
			isa = PBXGroup;
			children = (
				8D4209641905C31300D566CA /* AppDelegate.h */,
				8D4209651905C31300D566CA /* AppDelegate.m */,
				8D4209671905C31300D566CA /* Main.storyboard */,
				8D996E3E191A8710008F07D4 /* MoreViewController.h */,
				8D996E3F191A8710008F07D4 /* MoreViewController.m */,
				8DA4ED18191A76A40071466E /* TopTableViewController.h */,
				8DA4ED19191A76A40071466E /* TopTableViewController.m */,
				8DF658081911E5BB003920F4 /* HistoryAddressTableViewController.h */,
				8DF658091911E5BB003920F4 /* HistoryAddressTableViewController.m */,
				8DF658021911E0CD003920F4 /* NewAddressViewController.h */,
				8DF658031911E0CD003920F4 /* NewAddressViewController.m */,
				8DF657FF1911D6BD003920F4 /* OrderTableViewController.h */,
				8DF658001911D6BD003920F4 /* OrderTableViewController.m */,
				8D42099E19061C1E00D566CA /* MenuTableViewController.h */,
				8D42099F19061C1E00D566CA /* MenuTableViewController.m */,
				8D20DFE9190703170055CCDF /* DishTableViewController.h */,
				8D20DFEA190703170055CCDF /* DishTableViewController.m */,
				8DE455E3190F340C00E8FA36 /* CartViewController.h */,
				8DE455E4190F340C00E8FA36 /* CartViewController.m */,
				8DE455DD190EF43E00E8FA36 /* Cart.xcdatamodeld */,
				8D6120D51916904A003DE1F3 /* Account.h */,
				8D6120D61916904A003DE1F3 /* Account.m */,
				8D6120D21916891C003DE1F3 /* Addresses.h */,
				8D6120D31916891C003DE1F3 /* Addresses.m */,
				8DFEBEB119101B9300D24B9D /* SelectedDishes.h */,
				8DFEBEB219101B9300D24B9D /* SelectedDishes.m */,
				8DE455D2190ECE4C00E8FA36 /* NSString+JSONStringToDictionary.h */,
				8DE455D3190ECE4C00E8FA36 /* NSString+JSONStringToDictionary.m */,
				8DE455D5190ECF3700E8FA36 /* NSDictionary+DictionaryToJSONString.h */,
				8DE455D6190ECF3700E8FA36 /* NSDictionary+DictionaryToJSONString.m */,
				8DEAD4141915C91400CB5E7F /* MBProgressHUD.h */,
				8DEAD4151915C91400CB5E7F /* MBProgressHUD.m */,
				8D42096D1905C31300D566CA /* Images.xcassets */,
				8D42095C1905C31300D566CA /* Supporting Files */,
			);
			path = onepick;
			sourceTree = "<group>";
		};
		8D42095C1905C31300D566CA /* Supporting Files */ = {
			isa = PBXGroup;
			children = (
				8D77B3DD1909551500310CDF /* 640x960.png */,
				8D77B3DE1909551500310CDF /* 640x1136.png */,
				8D20DFEC19075C390055CCDF /* I58.png */,
				8D20DFED19075C390055CCDF /* I80.png */,
				8D20DFEE19075C390055CCDF /* I120.png */,
				8D42099A190619D100D566CA /* History.png */,
				8D42099B190619D100D566CA /* History@2x.png */,
				8D4209961905D6E200D566CA /* TopRate.png */,
				8D4209971905D6E200D566CA /* TopRate@2x.png */,
				8D4209921905D62000D566CA /* More.png */,
				8D4209931905D62000D566CA /* More@2x.png */,
				8D42098E1905D3B600D566CA /* Cart.png */,
				8D42098F1905D3B600D566CA /* Cart@2x.png */,
				8D42098A1905D1CC00D566CA /* Menu.png */,
				8D42098B1905D1CC00D566CA /* Menu@2x.png */,
				8D42095D1905C31300D566CA /* onepick-Info.plist */,
				8D42095E1905C31300D566CA /* InfoPlist.strings */,
				8D4209611905C31300D566CA /* main.m */,
				8D4209631905C31300D566CA /* onepick-Prefix.pch */,
			);
			name = "Supporting Files";
			sourceTree = "<group>";
		};
		8D42097A1905C31300D566CA /* onepickTests */ = {
			isa = PBXGroup;
			children = (
				8D4209801905C31300D566CA /* onepickTests.m */,
				8D42097B1905C31300D566CA /* Supporting Files */,
			);
			path = onepickTests;
			sourceTree = "<group>";
		};
		8D42097B1905C31300D566CA /* Supporting Files */ = {
			isa = PBXGroup;
			children = (
				8D42097C1905C31300D566CA /* onepickTests-Info.plist */,
				8D42097D1905C31300D566CA /* InfoPlist.strings */,
			);
			name = "Supporting Files";
			sourceTree = "<group>";
		};
/* End PBXGroup section */

/* Begin PBXNativeTarget section */
		8D4209511905C31300D566CA /* onepick */ = {
			isa = PBXNativeTarget;
			buildConfigurationList = 8D4209841905C31300D566CA /* Build configuration list for PBXNativeTarget "onepick" */;
			buildPhases = (
				8D42094E1905C31300D566CA /* Sources */,
				8D42094F1905C31300D566CA /* Frameworks */,
				8D4209501905C31300D566CA /* Resources */,
			);
			buildRules = (
			);
			dependencies = (
			);
			name = onepick;
			productName = onepick;
			productReference = 8D4209521905C31300D566CA /* Ichiban.app */;
			productType = "com.apple.product-type.application";
		};
		8D4209721905C31300D566CA /* onepickTests */ = {
			isa = PBXNativeTarget;
			buildConfigurationList = 8D4209871905C31300D566CA /* Build configuration list for PBXNativeTarget "onepickTests" */;
			buildPhases = (
				8D42096F1905C31300D566CA /* Sources */,
				8D4209701905C31300D566CA /* Frameworks */,
				8D4209711905C31300D566CA /* Resources */,
			);
			buildRules = (
			);
			dependencies = (
				8D4209791905C31300D566CA /* PBXTargetDependency */,
			);
			name = onepickTests;
			productName = onepickTests;
			productReference = 8D4209731905C31300D566CA /* onepickTests.xctest */;
			productType = "com.apple.product-type.bundle.unit-test";
		};
/* End PBXNativeTarget section */

/* Begin PBXProject section */
		8D42094A1905C31300D566CA /* Project object */ = {
			isa = PBXProject;
			attributes = {
				LastUpgradeCheck = 0510;
				ORGANIZATIONNAME = purdue;
				TargetAttributes = {
					8D4209721905C31300D566CA = {
						TestTargetID = 8D4209511905C31300D566CA;
					};
				};
			};
			buildConfigurationList = 8D42094D1905C31300D566CA /* Build configuration list for PBXProject "onepick" */;
			compatibilityVersion = "Xcode 3.2";
			developmentRegion = English;
			hasScannedForEncodings = 0;
			knownRegions = (
				en,
				Base,
			);
			mainGroup = 8D4209491905C31300D566CA;
			productRefGroup = 8D4209531905C31300D566CA /* Products */;
			projectDirPath = "";
			projectRoot = "";
			targets = (
				8D4209511905C31300D566CA /* onepick */,
				8D4209721905C31300D566CA /* onepickTests */,
			);
		};
/* End PBXProject section */

/* Begin PBXResourcesBuildPhase section */
		8D4209501905C31300D566CA /* Resources */ = {
			isa = PBXResourcesBuildPhase;
			buildActionMask = 2147483647;
			files = (
				8D42099C190619D100D566CA /* History.png in Resources */,
				8D4209951905D62000D566CA /* More@2x.png in Resources */,
				8D42098C1905D1CC00D566CA /* Menu.png in Resources */,
				8D42096E1905C31300D566CA /* Images.xcassets in Resources */,
				8D20DFEF19075C390055CCDF /* I58.png in Resources */,
				8D4209991905D6E200D566CA /* TopRate@2x.png in Resources */,
				8D4209601905C31300D566CA /* InfoPlist.strings in Resources */,
				8D20DFF119075C390055CCDF /* I120.png in Resources */,
				8D4209901905D3B600D566CA /* Cart.png in Resources */,
				8D42099D190619D100D566CA /* History@2x.png in Resources */,
				8D20DFF019075C390055CCDF /* I80.png in Resources */,
				8D42098D1905D1CC00D566CA /* Menu@2x.png in Resources */,
				8D77B3E2190A028900310CDF /* Default-568h@2x.png in Resources */,
				8D77B3E01909551500310CDF /* 640x1136.png in Resources */,
				8D4209911905D3B600D566CA /* Cart@2x.png in Resources */,
				8D4209941905D62000D566CA /* More.png in Resources */,
				8D4209691905C31300D566CA /* Main.storyboard in Resources */,
				8D4209981905D6E200D566CA /* TopRate.png in Resources */,
				8D77B3DF1909551500310CDF /* 640x960.png in Resources */,
			);
			runOnlyForDeploymentPostprocessing = 0;
		};
		8D4209711905C31300D566CA /* Resources */ = {
			isa = PBXResourcesBuildPhase;
			buildActionMask = 2147483647;
			files = (
				8D42097F1905C31300D566CA /* InfoPlist.strings in Resources */,
			);
			runOnlyForDeploymentPostprocessing = 0;
		};
/* End PBXResourcesBuildPhase section */

/* Begin PBXSourcesBuildPhase section */
		8D42094E1905C31300D566CA /* Sources */ = {
			isa = PBXSourcesBuildPhase;
			buildActionMask = 2147483647;
			files = (
				8D4209661905C31300D566CA /* AppDelegate.m in Sources */,
				8DF6580A1911E5BB003920F4 /* HistoryAddressTableViewController.m in Sources */,
				8D4209A019061C1E00D566CA /* MenuTableViewController.m in Sources */,
				8D6120D71916904A003DE1F3 /* Account.m in Sources */,
				8DE455DF190EF43E00E8FA36 /* Cart.xcdatamodeld in Sources */,
				8DE455D7190ECF3700E8FA36 /* NSDictionary+DictionaryToJSONString.m in Sources */,
				8DF658041911E0CD003920F4 /* NewAddressViewController.m in Sources */,
				8D6120D41916891C003DE1F3 /* Addresses.m in Sources */,
				8DFEBEB319101B9300D24B9D /* SelectedDishes.m in Sources */,
				8D996E40191A8710008F07D4 /* MoreViewController.m in Sources */,
				8D4209621905C31300D566CA /* main.m in Sources */,
				8DF658011911D6BD003920F4 /* OrderTableViewController.m in Sources */,
				8DEAD4161915C91400CB5E7F /* MBProgressHUD.m in Sources */,
				8D20DFEB190703170055CCDF /* DishTableViewController.m in Sources */,
				8DA4ED1A191A76A40071466E /* TopTableViewController.m in Sources */,
				8DE455E5190F340C00E8FA36 /* CartViewController.m in Sources */,
				8DE455D4190ECE4C00E8FA36 /* NSString+JSONStringToDictionary.m in Sources */,
			);
			runOnlyForDeploymentPostprocessing = 0;
		};
		8D42096F1905C31300D566CA /* Sources */ = {
			isa = PBXSourcesBuildPhase;
			buildActionMask = 2147483647;
			files = (
				8D4209811905C31300D566CA /* onepickTests.m in Sources */,
			);
			runOnlyForDeploymentPostprocessing = 0;
		};
/* End PBXSourcesBuildPhase section */

/* Begin PBXTargetDependency section */
		8D4209791905C31300D566CA /* PBXTargetDependency */ = {
			isa = PBXTargetDependency;
			target = 8D4209511905C31300D566CA /* onepick */;
			targetProxy = 8D4209781905C31300D566CA /* PBXContainerItemProxy */;
		};
/* End PBXTargetDependency section */

/* Begin PBXVariantGroup section */
		8D42095E1905C31300D566CA /* InfoPlist.strings */ = {
			isa = PBXVariantGroup;
			children = (
				8D42095F1905C31300D566CA /* en */,
			);
			name = InfoPlist.strings;
			sourceTree = "<group>";
		};
		8D4209671905C31300D566CA /* Main.storyboard */ = {
			isa = PBXVariantGroup;
			children = (
				8D4209681905C31300D566CA /* Base */,
			);
			name = Main.storyboard;
			sourceTree = "<group>";
		};
		8D42097D1905C31300D566CA /* InfoPlist.strings */ = {
			isa = PBXVariantGroup;
			children = (
				8D42097E1905C31300D566CA /* en */,
			);
			name = InfoPlist.strings;
			sourceTree = "<group>";
		};
/* End PBXVariantGroup section */

/* Begin XCBuildConfiguration section */
		8D4209821905C31300D566CA /* Debug */ = {
			isa = XCBuildConfiguration;
			buildSettings = {
				ALWAYS_SEARCH_USER_PATHS = NO;
				CLANG_CXX_LANGUAGE_STANDARD = "gnu++0x";
				CLANG_CXX_LIBRARY = "libc++";
				CLANG_ENABLE_MODULES = YES;
				CLANG_ENABLE_OBJC_ARC = YES;
				CLANG_WARN_BOOL_CONVERSION = YES;
				CLANG_WARN_CONSTANT_CONVERSION = YES;
				CLANG_WARN_DIRECT_OBJC_ISA_USAGE = YES_ERROR;
				CLANG_WARN_EMPTY_BODY = YES;
				CLANG_WARN_ENUM_CONVERSION = YES;
				CLANG_WARN_INT_CONVERSION = YES;
				CLANG_WARN_OBJC_ROOT_CLASS = YES_ERROR;
				CLANG_WARN__DUPLICATE_METHOD_MATCH = YES;
				"CODE_SIGN_IDENTITY[sdk=iphoneos*]" = "iPhone Developer";
				COPY_PHASE_STRIP = NO;
				GCC_C_LANGUAGE_STANDARD = gnu99;
				GCC_DYNAMIC_NO_PIC = NO;
				GCC_OPTIMIZATION_LEVEL = 0;
				GCC_PREPROCESSOR_DEFINITIONS = (
					"DEBUG=1",
					"$(inherited)",
				);
				GCC_SYMBOLS_PRIVATE_EXTERN = NO;
				GCC_WARN_64_TO_32_BIT_CONVERSION = YES;
				GCC_WARN_ABOUT_RETURN_TYPE = YES_ERROR;
				GCC_WARN_UNDECLARED_SELECTOR = YES;
				GCC_WARN_UNINITIALIZED_AUTOS = YES_AGGRESSIVE;
				GCC_WARN_UNUSED_FUNCTION = YES;
				GCC_WARN_UNUSED_VARIABLE = YES;
				IPHONEOS_DEPLOYMENT_TARGET = 7.1;
				ONLY_ACTIVE_ARCH = YES;
				SDKROOT = iphoneos;
			};
			name = Debug;
		};
		8D4209831905C31300D566CA /* Release */ = {
			isa = XCBuildConfiguration;
			buildSettings = {
				ALWAYS_SEARCH_USER_PATHS = NO;
				CLANG_CXX_LANGUAGE_STANDARD = "gnu++0x";
				CLANG_CXX_LIBRARY = "libc++";
				CLANG_ENABLE_MODULES = YES;
				CLANG_ENABLE_OBJC_ARC = YES;
				CLANG_WARN_BOOL_CONVERSION = YES;
				CLANG_WARN_CONSTANT_CONVERSION = YES;
				CLANG_WARN_DIRECT_OBJC_ISA_USAGE = YES_ERROR;
				CLANG_WARN_EMPTY_BODY = YES;
				CLANG_WARN_ENUM_CONVERSION = YES;
				CLANG_WARN_INT_CONVERSION = YES;
				CLANG_WARN_OBJC_ROOT_CLASS = YES_ERROR;
				CLANG_WARN__DUPLICATE_METHOD_MATCH = YES;
				"CODE_SIGN_IDENTITY[sdk=iphoneos*]" = "iPhone Developer";
				COPY_PHASE_STRIP = YES;
				ENABLE_NS_ASSERTIONS = NO;
				GCC_C_LANGUAGE_STANDARD = gnu99;
				GCC_WARN_64_TO_32_BIT_CONVERSION = YES;
				GCC_WARN_ABOUT_RETURN_TYPE = YES_ERROR;
				GCC_WARN_UNDECLARED_SELECTOR = YES;
				GCC_WARN_UNINITIALIZED_AUTOS = YES_AGGRESSIVE;
				GCC_WARN_UNUSED_FUNCTION = YES;
				GCC_WARN_UNUSED_VARIABLE = YES;
				IPHONEOS_DEPLOYMENT_TARGET = 7.1;
				SDKROOT = iphoneos;
				VALIDATE_PRODUCT = YES;
			};
			name = Release;
		};
		8D4209851905C31300D566CA /* Debug */ = {
			isa = XCBuildConfiguration;
			buildSettings = {
				FRAMEWORK_SEARCH_PATHS = (
					"$(inherited)",
					"$(PROJECT_DIR)",
				);
				GCC_PRECOMPILE_PREFIX_HEADER = YES;
				GCC_PREFIX_HEADER = "onepick/onepick-Prefix.pch";
				INFOPLIST_FILE = "onepick/onepick-Info.plist";
				PRODUCT_NAME = Ichiban;
				WRAPPER_EXTENSION = app;
			};
			name = Debug;
		};
		8D4209861905C31300D566CA /* Release */ = {
			isa = XCBuildConfiguration;
			buildSettings = {
				FRAMEWORK_SEARCH_PATHS = (
					"$(inherited)",
					"$(PROJECT_DIR)",
				);
				GCC_PRECOMPILE_PREFIX_HEADER = YES;
				GCC_PREFIX_HEADER = "onepick/onepick-Prefix.pch";
				INFOPLIST_FILE = "onepick/onepick-Info.plist";
				PRODUCT_NAME = Ichiban;
				WRAPPER_EXTENSION = app;
			};
			name = Release;
		};
		8D4209881905C31300D566CA /* Debug */ = {
			isa = XCBuildConfiguration;
			buildSettings = {
				BUNDLE_LOADER = "$(BUILT_PRODUCTS_DIR)/onepick.app/onepick";
				FRAMEWORK_SEARCH_PATHS = (
					"$(SDKROOT)/Developer/Library/Frameworks",
					"$(inherited)",
					"$(DEVELOPER_FRAMEWORKS_DIR)",
				);
				GCC_PRECOMPILE_PREFIX_HEADER = YES;
				GCC_PREFIX_HEADER = "onepick/onepick-Prefix.pch";
				GCC_PREPROCESSOR_DEFINITIONS = (
					"DEBUG=1",
					"$(inherited)",
				);
				INFOPLIST_FILE = "onepickTests/onepickTests-Info.plist";
				PRODUCT_NAME = "$(TARGET_NAME)";
				TEST_HOST = "$(BUNDLE_LOADER)";
				WRAPPER_EXTENSION = xctest;
			};
			name = Debug;
		};
		8D4209891905C31300D566CA /* Release */ = {
			isa = XCBuildConfiguration;
			buildSettings = {
				BUNDLE_LOADER = "$(BUILT_PRODUCTS_DIR)/onepick.app/onepick";
				FRAMEWORK_SEARCH_PATHS = (
					"$(SDKROOT)/Developer/Library/Frameworks",
					"$(inherited)",
					"$(DEVELOPER_FRAMEWORKS_DIR)",
				);
				GCC_PRECOMPILE_PREFIX_HEADER = YES;
				GCC_PREFIX_HEADER = "onepick/onepick-Prefix.pch";
				INFOPLIST_FILE = "onepickTests/onepickTests-Info.plist";
				PRODUCT_NAME = "$(TARGET_NAME)";
				TEST_HOST = "$(BUNDLE_LOADER)";
				WRAPPER_EXTENSION = xctest;
			};
			name = Release;
		};
/* End XCBuildConfiguration section */

/* Begin XCConfigurationList section */
		8D42094D1905C31300D566CA /* Build configuration list for PBXProject "onepick" */ = {
			isa = XCConfigurationList;
			buildConfigurations = (
				8D4209821905C31300D566CA /* Debug */,
				8D4209831905C31300D566CA /* Release */,
			);
			defaultConfigurationIsVisible = 0;
			defaultConfigurationName = Release;
		};
		8D4209841905C31300D566CA /* Build configuration list for PBXNativeTarget "onepick" */ = {
			isa = XCConfigurationList;
			buildConfigurations = (
				8D4209851905C31300D566CA /* Debug */,
				8D4209861905C31300D566CA /* Release */,
			);
			defaultConfigurationIsVisible = 0;
			defaultConfigurationName = Release;
		};
		8D4209871905C31300D566CA /* Build configuration list for PBXNativeTarget "onepickTests" */ = {
			isa = XCConfigurationList;
			buildConfigurations = (
				8D4209881905C31300D566CA /* Debug */,
				8D4209891905C31300D566CA /* Release */,
			);
			defaultConfigurationIsVisible = 0;
			defaultConfigurationName = Release;
		};
/* End XCConfigurationList section */

/* Begin XCVersionGroup section */
		8DE455DD190EF43E00E8FA36 /* Cart.xcdatamodeld */ = {
			isa = XCVersionGroup;
			children = (
				8DE455DE190EF43E00E8FA36 /* Cart.xcdatamodel */,
			);
			currentVersion = 8DE455DE190EF43E00E8FA36 /* Cart.xcdatamodel */;
			path = Cart.xcdatamodeld;
			sourceTree = "<group>";
			versionGroupType = wrapper.xcdatamodel;
		};
/* End XCVersionGroup section */
	};
	rootObject = 8D42094A1905C31300D566CA /* Project object */;
}
